{
  "name": "jeedom-genepi-daemon",
  "version": "1.0.0",
  "lockfileVersion": 1,
  "requires": true,
  "dependencies": {
    "argparse": {
      "version": "1.0.9",
      "resolved": "https://registry.npmjs.org/argparse/-/argparse-1.0.9.tgz",
      "integrity": "sha1-c9g7wmP4bpf4zE9rrhsOkKfSLIY=",
      "requires": {
        "sprintf-js": "1.0.3"
      }
    },
    "jsonrpc-lite": {
      "version": "1.3.0",
      "resolved": "https://registry.npmjs.org/jsonrpc-lite/-/jsonrpc-lite-1.3.0.tgz",
      "integrity": "sha1-3xd+ge+n9S0/QXDYMyCP45Jkr8s="
    },
    "leave": {
      "version": "1.0.1",
      "resolved": "https://registry.npmjs.org/leave/-/leave-1.0.1.tgz",
      "integrity": "sha1-0WbN5Cs6AY5UpyHOJlnxXH2a9Kk="
    },
    "sprintf-js": {
      "version": "1.0.3",
      "resolved": "https://registry.npmjs.org/sprintf-js/-/sprintf-js-1.0.3.tgz",
      "integrity": "sha1-BOaSb2YolTVPPdAVIDYzuFcpfiw="
    },
    "uws": {
      "version": "8.14.1",
      "resolved": "https://registry.npmjs.org/uws/-/uws-8.14.1.tgz",
      "integrity": "sha1-3glhnzBfYXTVUWqcaULLEgkEsgs="
    }
  }
}
